// !$*UTF8*$!
{
	archiveVersion = 1;
	classes = {
	};
	objectVersion = 52;
	objects = {

/* Begin PBXBuildFile section */
		27999620F3EBDD674E311A51 /* Pods_WeatherSwiftUI.framework in Frameworks */ = {isa = PBXBuildFile; fileRef = 85DB8CAF168A6905EDA3F3DB /* Pods_WeatherSwiftUI.framework */; };
		4011744E23D60DAA00A76EE5 /* AppDelegate.swift in Sources */ = {isa = PBXBuildFile; fileRef = 4011744D23D60DAA00A76EE5 /* AppDelegate.swift */; };
		4011745023D60DAA00A76EE5 /* SceneDelegate.swift in Sources */ = {isa = PBXBuildFile; fileRef = 4011744F23D60DAA00A76EE5 /* SceneDelegate.swift */; };
		4011745223D60DAA00A76EE5 /* ContentView.swift in Sources */ = {isa = PBXBuildFile; fileRef = 4011745123D60DAA00A76EE5 /* ContentView.swift */; };
		4011745423D60DAD00A76EE5 /* Assets.xcassets in Resources */ = {isa = PBXBuildFile; fileRef = 4011745323D60DAD00A76EE5 /* Assets.xcassets */; };
		4011745723D60DAD00A76EE5 /* Preview Assets.xcassets in Resources */ = {isa = PBXBuildFile; fileRef = 4011745623D60DAD00A76EE5 /* Preview Assets.xcassets */; };
		4011745A23D60DAD00A76EE5 /* LaunchScreen.storyboard in Resources */ = {isa = PBXBuildFile; fileRef = 4011745823D60DAD00A76EE5 /* LaunchScreen.storyboard */; };
		4011746223D613E800A76EE5 /* WeatherCard.swift in Sources */ = {isa = PBXBuildFile; fileRef = 4011746123D613E800A76EE5 /* WeatherCard.swift */; };
		4011746423D6180800A76EE5 /* DayCard.swift in Sources */ = {isa = PBXBuildFile; fileRef = 4011746323D6180800A76EE5 /* DayCard.swift */; };
		4032C52023DB78310027BBD5 /* Weather.swift in Sources */ = {isa = PBXBuildFile; fileRef = 4032C51F23DB78310027BBD5 /* Weather.swift */; };
		4032C52623DCF5660027BBD5 /* APICallManager.swift in Sources */ = {isa = PBXBuildFile; fileRef = 4032C52523DCF5660027BBD5 /* APICallManager.swift */; };
		4032C52823DCF7A60027BBD5 /* WeatherService.swift in Sources */ = {isa = PBXBuildFile; fileRef = 4032C52723DCF7A60027BBD5 /* WeatherService.swift */; };
		4032C52A23DD16B50027BBD5 /* ContentViewModel.swift in Sources */ = {isa = PBXBuildFile; fileRef = 4032C52923DD16B50027BBD5 /* ContentViewModel.swift */; };
		404AD68923DA21D900185287 /* SettingsView.swift in Sources */ = {isa = PBXBuildFile; fileRef = 404AD68823DA21D900185287 /* SettingsView.swift */; };
		404AD68D23DA3B7B00185287 /* SettingsStore.swift in Sources */ = {isa = PBXBuildFile; fileRef = 404AD68C23DA3B7B00185287 /* SettingsStore.swift */; };
		407599C82434261900106F14 /* WeatherSwiftUITests.swift in Sources */ = {isa = PBXBuildFile; fileRef = 407599C72434261900106F14 /* WeatherSwiftUITests.swift */; };
		407599D124342D4300106F14 /* Weather.swift in Sources */ = {isa = PBXBuildFile; fileRef = 4032C51F23DB78310027BBD5 /* Weather.swift */; };
		407599D22434313B00106F14 /* DayCard.swift in Sources */ = {isa = PBXBuildFile; fileRef = 4011746323D6180800A76EE5 /* DayCard.swift */; };
/* End PBXBuildFile section */

/* Begin PBXContainerItemProxy section */
		407599CA2434261900106F14 /* PBXContainerItemProxy */ = {
			isa = PBXContainerItemProxy;
			containerPortal = 4011744223D60DAA00A76EE5 /* Project object */;
			proxyType = 1;
			remoteGlobalIDString = 4011744923D60DAA00A76EE5;
			remoteInfo = WeatherSwiftUI;
		};
/* End PBXContainerItemProxy section */

/* Begin PBXFileReference section */
		13A64C2881E305FCC2A59E21 /* Pods-WeatherSwiftUI.debug.xcconfig */ = {isa = PBXFileReference; includeInIndex = 1; lastKnownFileType = text.xcconfig; name = "Pods-WeatherSwiftUI.debug.xcconfig"; path = "Target Support Files/Pods-WeatherSwiftUI/Pods-WeatherSwiftUI.debug.xcconfig"; sourceTree = "<group>"; };
		18D252E0DC7CD991E9B8A9EF /* Pods-WeatherSwiftUI.release.xcconfig */ = {isa = PBXFileReference; includeInIndex = 1; lastKnownFileType = text.xcconfig; name = "Pods-WeatherSwiftUI.release.xcconfig"; path = "Target Support Files/Pods-WeatherSwiftUI/Pods-WeatherSwiftUI.release.xcconfig"; sourceTree = "<group>"; };
		4011744A23D60DAA00A76EE5 /* WeatherSwiftUI.app */ = {isa = PBXFileReference; explicitFileType = wrapper.application; includeInIndex = 0; path = WeatherSwiftUI.app; sourceTree = BUILT_PRODUCTS_DIR; };
		4011744D23D60DAA00A76EE5 /* AppDelegate.swift */ = {isa = PBXFileReference; lastKnownFileType = sourcecode.swift; path = AppDelegate.swift; sourceTree = "<group>"; };
		4011744F23D60DAA00A76EE5 /* SceneDelegate.swift */ = {isa = PBXFileReference; lastKnownFileType = sourcecode.swift; path = SceneDelegate.swift; sourceTree = "<group>"; };
		4011745123D60DAA00A76EE5 /* ContentView.swift */ = {isa = PBXFileReference; lastKnownFileType = sourcecode.swift; path = ContentView.swift; sourceTree = "<group>"; };
		4011745323D60DAD00A76EE5 /* Assets.xcassets */ = {isa = PBXFileReference; lastKnownFileType = folder.assetcatalog; path = Assets.xcassets; sourceTree = "<group>"; };
		4011745623D60DAD00A76EE5 /* Preview Assets.xcassets */ = {isa = PBXFileReference; lastKnownFileType = folder.assetcatalog; path = "Preview Assets.xcassets"; sourceTree = "<group>"; };
		4011745923D60DAD00A76EE5 /* Base */ = {isa = PBXFileReference; lastKnownFileType = file.storyboard; name = Base; path = Base.lproj/LaunchScreen.storyboard; sourceTree = "<group>"; };
		4011745B23D60DAD00A76EE5 /* Info.plist */ = {isa = PBXFileReference; lastKnownFileType = text.plist.xml; path = Info.plist; sourceTree = "<group>"; };
		4011746123D613E800A76EE5 /* WeatherCard.swift */ = {isa = PBXFileReference; lastKnownFileType = sourcecode.swift; path = WeatherCard.swift; sourceTree = "<group>"; };
		4011746323D6180800A76EE5 /* DayCard.swift */ = {isa = PBXFileReference; lastKnownFileType = sourcecode.swift; path = DayCard.swift; sourceTree = "<group>"; };
		4032C51F23DB78310027BBD5 /* Weather.swift */ = {isa = PBXFileReference; lastKnownFileType = sourcecode.swift; path = Weather.swift; sourceTree = "<group>"; };
		4032C52523DCF5660027BBD5 /* APICallManager.swift */ = {isa = PBXFileReference; lastKnownFileType = sourcecode.swift; path = APICallManager.swift; sourceTree = "<group>"; };
		4032C52723DCF7A60027BBD5 /* WeatherService.swift */ = {isa = PBXFileReference; lastKnownFileType = sourcecode.swift; path = WeatherService.swift; sourceTree = "<group>"; };
		4032C52923DD16B50027BBD5 /* ContentViewModel.swift */ = {isa = PBXFileReference; lastKnownFileType = sourcecode.swift; path = ContentViewModel.swift; sourceTree = "<group>"; };
		404AD68823DA21D900185287 /* SettingsView.swift */ = {isa = PBXFileReference; lastKnownFileType = sourcecode.swift; path = SettingsView.swift; sourceTree = "<group>"; };
		404AD68C23DA3B7B00185287 /* SettingsStore.swift */ = {isa = PBXFileReference; lastKnownFileType = sourcecode.swift; path = SettingsStore.swift; sourceTree = "<group>"; };
		407599C52434261900106F14 /* WeatherSwiftUITests.xctest */ = {isa = PBXFileReference; explicitFileType = wrapper.cfbundle; includeInIndex = 0; path = WeatherSwiftUITests.xctest; sourceTree = BUILT_PRODUCTS_DIR; };
		407599C72434261900106F14 /* WeatherSwiftUITests.swift */ = {isa = PBXFileReference; lastKnownFileType = sourcecode.swift; path = WeatherSwiftUITests.swift; sourceTree = "<group>"; };
		407599C92434261900106F14 /* Info.plist */ = {isa = PBXFileReference; lastKnownFileType = text.plist.xml; path = Info.plist; sourceTree = "<group>"; };
		85DB8CAF168A6905EDA3F3DB /* Pods_WeatherSwiftUI.framework */ = {isa = PBXFileReference; explicitFileType = wrapper.framework; includeInIndex = 0; path = Pods_WeatherSwiftUI.framework; sourceTree = BUILT_PRODUCTS_DIR; };
/* End PBXFileReference section */

/* Begin PBXFrameworksBuildPhase section */
		4011744723D60DAA00A76EE5 /* Frameworks */ = {
			isa = PBXFrameworksBuildPhase;
			buildActionMask = 2147483647;
			files = (
				27999620F3EBDD674E311A51 /* Pods_WeatherSwiftUI.framework in Frameworks */,
			);
			runOnlyForDeploymentPostprocessing = 0;
		};
		407599C22434261900106F14 /* Frameworks */ = {
			isa = PBXFrameworksBuildPhase;
			buildActionMask = 2147483647;
			files = (
			);
			runOnlyForDeploymentPostprocessing = 0;
		};
/* End PBXFrameworksBuildPhase section */

/* Begin PBXGroup section */
		4011744123D60DAA00A76EE5 = {
			isa = PBXGroup;
			children = (
				4011744C23D60DAA00A76EE5 /* WeatherSwiftUI */,
				407599C62434261900106F14 /* WeatherSwiftUITests */,
				4011744B23D60DAA00A76EE5 /* Products */,
				C268D4A6FFBEFF77E196A8C5 /* Pods */,
				470D88814AC7704AF83AF11B /* Frameworks */,
			);
			sourceTree = "<group>";
		};
		4011744B23D60DAA00A76EE5 /* Products */ = {
			isa = PBXGroup;
			children = (
				4011744A23D60DAA00A76EE5 /* WeatherSwiftUI.app */,
				407599C52434261900106F14 /* WeatherSwiftUITests.xctest */,
			);
			name = Products;
			sourceTree = "<group>";
		};
		4011744C23D60DAA00A76EE5 /* WeatherSwiftUI */ = {
			isa = PBXGroup;
			children = (
				4032C52B23DE45C80027BBD5 /* MainDelegate */,
				4032C52123DCEC4A0027BBD5 /* Model */,
				4032C52223DCF2680027BBD5 /* API */,
				4032C52C23DE45E60027BBD5 /* View */,
				404AD68C23DA3B7B00185287 /* SettingsStore.swift */,
				4011745323D60DAD00A76EE5 /* Assets.xcassets */,
				4011745823D60DAD00A76EE5 /* LaunchScreen.storyboard */,
				4011745B23D60DAD00A76EE5 /* Info.plist */,
				4011745523D60DAD00A76EE5 /* Preview Content */,
			);
			path = WeatherSwiftUI;
			sourceTree = "<group>";
		};
		4011745523D60DAD00A76EE5 /* Preview Content */ = {
			isa = PBXGroup;
			children = (
				4011745623D60DAD00A76EE5 /* Preview Assets.xcassets */,
			);
			path = "Preview Content";
			sourceTree = "<group>";
		};
		4032C52123DCEC4A0027BBD5 /* Model */ = {
			isa = PBXGroup;
			children = (
				4032C51F23DB78310027BBD5 /* Weather.swift */,
			);
			path = Model;
			sourceTree = "<group>";
		};
		4032C52223DCF2680027BBD5 /* API */ = {
			isa = PBXGroup;
			children = (
				4032C52523DCF5660027BBD5 /* APICallManager.swift */,
				4032C52723DCF7A60027BBD5 /* WeatherService.swift */,
			);
			path = API;
			sourceTree = "<group>";
		};
		4032C52B23DE45C80027BBD5 /* MainDelegate */ = {
			isa = PBXGroup;
			children = (
				4011744D23D60DAA00A76EE5 /* AppDelegate.swift */,
				4011744F23D60DAA00A76EE5 /* SceneDelegate.swift */,
			);
			path = MainDelegate;
			sourceTree = "<group>";
		};
		4032C52C23DE45E60027BBD5 /* View */ = {
			isa = PBXGroup;
			children = (
				4032C52923DD16B50027BBD5 /* ContentViewModel.swift */,
				4011745123D60DAA00A76EE5 /* ContentView.swift */,
				4011746123D613E800A76EE5 /* WeatherCard.swift */,
				4011746323D6180800A76EE5 /* DayCard.swift */,
				404AD68823DA21D900185287 /* SettingsView.swift */,
			);
			path = View;
			sourceTree = "<group>";
		};
		407599C62434261900106F14 /* WeatherSwiftUITests */ = {
			isa = PBXGroup;
			children = (
				407599C72434261900106F14 /* WeatherSwiftUITests.swift */,
				407599C92434261900106F14 /* Info.plist */,
			);
			path = WeatherSwiftUITests;
			sourceTree = "<group>";
		};
		470D88814AC7704AF83AF11B /* Frameworks */ = {
			isa = PBXGroup;
			children = (
				85DB8CAF168A6905EDA3F3DB /* Pods_WeatherSwiftUI.framework */,
			);
			name = Frameworks;
			sourceTree = "<group>";
		};
		C268D4A6FFBEFF77E196A8C5 /* Pods */ = {
			isa = PBXGroup;
			children = (
				13A64C2881E305FCC2A59E21 /* Pods-WeatherSwiftUI.debug.xcconfig */,
				18D252E0DC7CD991E9B8A9EF /* Pods-WeatherSwiftUI.release.xcconfig */,
			);
			path = Pods;
			sourceTree = "<group>";
		};
/* End PBXGroup section */

/* Begin PBXNativeTarget section */
		4011744923D60DAA00A76EE5 /* WeatherSwiftUI */ = {
			isa = PBXNativeTarget;
			buildConfigurationList = 4011745E23D60DAD00A76EE5 /* Build configuration list for PBXNativeTarget "WeatherSwiftUI" */;
			buildPhases = (
				C38E5EE2A6DA0364D2CEF0D2 /* [CP] Check Pods Manifest.lock */,
				4011744623D60DAA00A76EE5 /* Sources */,
				4011744723D60DAA00A76EE5 /* Frameworks */,
				4011744823D60DAA00A76EE5 /* Resources */,
				32B36E7B5900D2F546B66C24 /* [CP] Embed Pods Frameworks */,
			);
			buildRules = (
			);
			dependencies = (
			);
			name = WeatherSwiftUI;
			productName = WeatherSwiftUI;
			productReference = 4011744A23D60DAA00A76EE5 /* WeatherSwiftUI.app */;
			productType = "com.apple.product-type.application";
		};
		407599C42434261900106F14 /* WeatherSwiftUITests */ = {
			isa = PBXNativeTarget;
			buildConfigurationList = 407599CE2434261900106F14 /* Build configuration list for PBXNativeTarget "WeatherSwiftUITests" */;
			buildPhases = (
				407599C12434261900106F14 /* Sources */,
				407599C22434261900106F14 /* Frameworks */,
				407599C32434261900106F14 /* Resources */,
			);
			buildRules = (
			);
			dependencies = (
				407599CB2434261900106F14 /* PBXTargetDependency */,
			);
			name = WeatherSwiftUITests;
			productName = WeatherSwiftUITests;
			productReference = 407599C52434261900106F14 /* WeatherSwiftUITests.xctest */;
			productType = "com.apple.product-type.bundle.unit-test";
		};
/* End PBXNativeTarget section */

/* Begin PBXProject section */
		4011744223D60DAA00A76EE5 /* Project object */ = {
			isa = PBXProject;
			attributes = {
				LastSwiftUpdateCheck = 1120;
				LastUpgradeCheck = 1120;
				ORGANIZATIONNAME = ThaysPrado;
				TargetAttributes = {
					4011744923D60DAA00A76EE5 = {
						CreatedOnToolsVersion = 11.2.1;
					};
					407599C42434261900106F14 = {
						CreatedOnToolsVersion = 11.2.1;
						TestTargetID = 4011744923D60DAA00A76EE5;
					};
				};
			};
			buildConfigurationList = 4011744523D60DAA00A76EE5 /* Build configuration list for PBXProject "WeatherSwiftUI" */;
			compatibilityVersion = "Xcode 11.0";
			developmentRegion = en;
			hasScannedForEncodings = 0;
			knownRegions = (
				en,
				Base,
			);
			mainGroup = 4011744123D60DAA00A76EE5;
			productRefGroup = 4011744B23D60DAA00A76EE5 /* Products */;
			projectDirPath = "";
			projectRoot = "";
			targets = (
				4011744923D60DAA00A76EE5 /* WeatherSwiftUI */,
				407599C42434261900106F14 /* WeatherSwiftUITests */,
			);
		};
/* End PBXProject section */

/* Begin PBXResourcesBuildPhase section */
		4011744823D60DAA00A76EE5 /* Resources */ = {
			isa = PBXResourcesBuildPhase;
			buildActionMask = 2147483647;
			files = (
				4011745A23D60DAD00A76EE5 /* LaunchScreen.storyboard in Resources */,
				4011745723D60DAD00A76EE5 /* Preview Assets.xcassets in Resources */,
				4011745423D60DAD00A76EE5 /* Assets.xcassets in Resources */,
			);
			runOnlyForDeploymentPostprocessing = 0;
		};
		407599C32434261900106F14 /* Resources */ = {
			isa = PBXResourcesBuildPhase;
			buildActionMask = 2147483647;
			files = (
			);
			runOnlyForDeploymentPostprocessing = 0;
		};
/* End PBXResourcesBuildPhase section */

/* Begin PBXShellScriptBuildPhase section */
		32B36E7B5900D2F546B66C24 /* [CP] Embed Pods Frameworks */ = {
			isa = PBXShellScriptBuildPhase;
			buildActionMask = 2147483647;
			files = (
			);
			inputFileListPaths = (
				"${PODS_ROOT}/Target Support Files/Pods-WeatherSwiftUI/Pods-WeatherSwiftUI-frameworks-${CONFIGURATION}-input-files.xcfilelist",
			);
			name = "[CP] Embed Pods Frameworks";
			outputFileListPaths = (
				"${PODS_ROOT}/Target Support Files/Pods-WeatherSwiftUI/Pods-WeatherSwiftUI-frameworks-${CONFIGURATION}-output-files.xcfilelist",
			);
			runOnlyForDeploymentPostprocessing = 0;
			shellPath = /bin/sh;
			shellScript = "\"${PODS_ROOT}/Target Support Files/Pods-WeatherSwiftUI/Pods-WeatherSwiftUI-frameworks.sh\"\n";
			showEnvVarsInLog = 0;
		};
		C38E5EE2A6DA0364D2CEF0D2 /* [CP] Check Pods Manifest.lock */ = {
			isa = PBXShellScriptBuildPhase;
			buildActionMask = 2147483647;
			files = (
			);
			inputFileListPaths = (
			);
			inputPaths = (
				"${PODS_PODFILE_DIR_PATH}/Podfile.lock",
				"${PODS_ROOT}/Manifest.lock",
			);
			name = "[CP] Check Pods Manifest.lock";
			outputFileListPaths = (
			);
			outputPaths = (
				"$(DERIVED_FILE_DIR)/Pods-WeatherSwiftUI-checkManifestLockResult.txt",
			);
			runOnlyForDeploymentPostprocessing = 0;
			shellPath = /bin/sh;
			shellScript = "diff \"${PODS_PODFILE_DIR_PATH}/Podfile.lock\" \"${PODS_ROOT}/Manifest.lock\" > /dev/null\nif [ $? != 0 ] ; then\n    # print error to STDERR\n    echo \"error: The sandbox is not in sync with the Podfile.lock. Run 'pod install' or update your CocoaPods installation.\" >&2\n    exit 1\nfi\n# This output is used by Xcode 'outputs' to avoid re-running this script phase.\necho \"SUCCESS\" > \"${SCRIPT_OUTPUT_FILE_0}\"\n";
			showEnvVarsInLog = 0;
		};
/* End PBXShellScriptBuildPhase section */

/* Begin PBXSourcesBuildPhase section */
		4011744623D60DAA00A76EE5 /* Sources */ = {
			isa = PBXSourcesBuildPhase;
			buildActionMask = 2147483647;
			files = (
				4032C52823DCF7A60027BBD5 /* WeatherService.swift in Sources */,
				4032C52023DB78310027BBD5 /* Weather.swift in Sources */,
				4011744E23D60DAA00A76EE5 /* AppDelegate.swift in Sources */,
				4011745023D60DAA00A76EE5 /* SceneDelegate.swift in Sources */,
				4011746223D613E800A76EE5 /* WeatherCard.swift in Sources */,
				4032C52623DCF5660027BBD5 /* APICallManager.swift in Sources */,
				404AD68D23DA3B7B00185287 /* SettingsStore.swift in Sources */,
				4032C52A23DD16B50027BBD5 /* ContentViewModel.swift in Sources */,
				404AD68923DA21D900185287 /* SettingsView.swift in Sources */,
				4011746423D6180800A76EE5 /* DayCard.swift in Sources */,
				4011745223D60DAA00A76EE5 /* ContentView.swift in Sources */,
			);
			runOnlyForDeploymentPostprocessing = 0;
		};
		407599C12434261900106F14 /* Sources */ = {
			isa = PBXSourcesBuildPhase;
			buildActionMask = 2147483647;
			files = (
				407599D22434313B00106F14 /* DayCard.swift in Sources */,
				407599D124342D4300106F14 /* Weather.swift in Sources */,
				407599C82434261900106F14 /* WeatherSwiftUITests.swift in Sources */,
			);
			runOnlyForDeploymentPostprocessing = 0;
		};
/* End PBXSourcesBuildPhase section */

/* Begin PBXTargetDependency section */
		407599CB2434261900106F14 /* PBXTargetDependency */ = {
			isa = PBXTargetDependency;
			target = 4011744923D60DAA00A76EE5 /* WeatherSwiftUI */;
			targetProxy = 407599CA2434261900106F14 /* PBXContainerItemProxy */;
		};
/* End PBXTargetDependency section */

/* Begin PBXVariantGroup section */
		4011745823D60DAD00A76EE5 /* LaunchScreen.storyboard */ = {
			isa = PBXVariantGroup;
			children = (
				4011745923D60DAD00A76EE5 /* Base */,
			);
			name = LaunchScreen.storyboard;
			sourceTree = "<group>";
		};
/* End PBXVariantGroup section */

/* Begin XCBuildConfiguration section */
		4011745C23D60DAD00A76EE5 /* Debug */ = {
			isa = XCBuildConfiguration;
			buildSettings = {
				ALWAYS_SEARCH_USER_PATHS = NO;
				CLANG_ANALYZER_NONNULL = YES;
				CLANG_ANALYZER_NUMBER_OBJECT_CONVERSION = YES_AGGRESSIVE;
				CLANG_CXX_LANGUAGE_STANDARD = "gnu++14";
				CLANG_CXX_LIBRARY = "libc++";
				CLANG_ENABLE_MODULES = YES;
				CLANG_ENABLE_OBJC_ARC = YES;
				CLANG_ENABLE_OBJC_WEAK = YES;
				CLANG_WARN_BLOCK_CAPTURE_AUTORELEASING = YES;
				CLANG_WARN_BOOL_CONVERSION = YES;
				CLANG_WARN_COMMA = YES;
				CLANG_WARN_CONSTANT_CONVERSION = YES;
				CLANG_WARN_DEPRECATED_OBJC_IMPLEMENTATIONS = YES;
				CLANG_WARN_DIRECT_OBJC_ISA_USAGE = YES_ERROR;
				CLANG_WARN_DOCUMENTATION_COMMENTS = YES;
				CLANG_WARN_EMPTY_BODY = YES;
				CLANG_WARN_ENUM_CONVERSION = YES;
				CLANG_WARN_INFINITE_RECURSION = YES;
				CLANG_WARN_INT_CONVERSION = YES;
				CLANG_WARN_NON_LITERAL_NULL_CONVERSION = YES;
				CLANG_WARN_OBJC_IMPLICIT_RETAIN_SELF = YES;
				CLANG_WARN_OBJC_LITERAL_CONVERSION = YES;
				CLANG_WARN_OBJC_ROOT_CLASS = YES_ERROR;
				CLANG_WARN_RANGE_LOOP_ANALYSIS = YES;
				CLANG_WARN_STRICT_PROTOTYPES = YES;
				CLANG_WARN_SUSPICIOUS_MOVE = YES;
				CLANG_WARN_UNGUARDED_AVAILABILITY = YES_AGGRESSIVE;
				CLANG_WARN_UNREACHABLE_CODE = YES;
				CLANG_WARN__DUPLICATE_METHOD_MATCH = YES;
				COPY_PHASE_STRIP = NO;
				DEBUG_INFORMATION_FORMAT = dwarf;
				ENABLE_STRICT_OBJC_MSGSEND = YES;
				ENABLE_TESTABILITY = YES;
				GCC_C_LANGUAGE_STANDARD = gnu11;
				GCC_DYNAMIC_NO_PIC = NO;
				GCC_NO_COMMON_BLOCKS = YES;
				GCC_OPTIMIZATION_LEVEL = 0;
				GCC_PREPROCESSOR_DEFINITIONS = (
					"DEBUG=1",
					"$(inherited)",
				);
				GCC_WARN_64_TO_32_BIT_CONVERSION = YES;
				GCC_WARN_ABOUT_RETURN_TYPE = YES_ERROR;
				GCC_WARN_UNDECLARED_SELECTOR = YES;
				GCC_WARN_UNINITIALIZED_AUTOS = YES_AGGRESSIVE;
				GCC_WARN_UNUSED_FUNCTION = YES;
				GCC_WARN_UNUSED_VARIABLE = YES;
				IPHONEOS_DEPLOYMENT_TARGET = 13.2;
				MTL_ENABLE_DEBUG_INFO = INCLUDE_SOURCE;
				MTL_FAST_MATH = YES;
				ONLY_ACTIVE_ARCH = YES;
				SDKROOT = iphoneos;
				SWIFT_ACTIVE_COMPILATION_CONDITIONS = DEBUG;
				SWIFT_OPTIMIZATION_LEVEL = "-Onone";
			};
			name = Debug;
		};
		4011745D23D60DAD00A76EE5 /* Release */ = {
			isa = XCBuildConfiguration;
			buildSettings = {
				ALWAYS_SEARCH_USER_PATHS = NO;
				CLANG_ANALYZER_NONNULL = YES;
				CLANG_ANALYZER_NUMBER_OBJECT_CONVERSION = YES_AGGRESSIVE;
				CLANG_CXX_LANGUAGE_STANDARD = "gnu++14";
				CLANG_CXX_LIBRARY = "libc++";
				CLANG_ENABLE_MODULES = YES;
				CLANG_ENABLE_OBJC_ARC = YES;
				CLANG_ENABLE_OBJC_WEAK = YES;
				CLANG_WARN_BLOCK_CAPTURE_AUTORELEASING = YES;
				CLANG_WARN_BOOL_CONVERSION = YES;
				CLANG_WARN_COMMA = YES;
				CLANG_WARN_CONSTANT_CONVERSION = YES;
				CLANG_WARN_DEPRECATED_OBJC_IMPLEMENTATIONS = YES;
				CLANG_WARN_DIRECT_OBJC_ISA_USAGE = YES_ERROR;
				CLANG_WARN_DOCUMENTATION_COMMENTS = YES;
				CLANG_WARN_EMPTY_BODY = YES;
				CLANG_WARN_ENUM_CONVERSION = YES;
				CLANG_WARN_INFINITE_RECURSION = YES;
				CLANG_WARN_INT_CONVERSION = YES;
				CLANG_WARN_NON_LITERAL_NULL_CONVERSION = YES;
				CLANG_WARN_OBJC_IMPLICIT_RETAIN_SELF = YES;
				CLANG_WARN_OBJC_LITERAL_CONVERSION = YES;
				CLANG_WARN_OBJC_ROOT_CLASS = YES_ERROR;
				CLANG_WARN_RANGE_LOOP_ANALYSIS = YES;
				CLANG_WARN_STRICT_PROTOTYPES = YES;
				CLANG_WARN_SUSPICIOUS_MOVE = YES;
				CLANG_WARN_UNGUARDED_AVAILABILITY = YES_AGGRESSIVE;
				CLANG_WARN_UNREACHABLE_CODE = YES;
				CLANG_WARN__DUPLICATE_METHOD_MATCH = YES;
				COPY_PHASE_STRIP = NO;
				DEBUG_INFORMATION_FORMAT = "dwarf-with-dsym";
				ENABLE_NS_ASSERTIONS = NO;
				ENABLE_STRICT_OBJC_MSGSEND = YES;
				GCC_C_LANGUAGE_STANDARD = gnu11;
				GCC_NO_COMMON_BLOCKS = YES;
				GCC_WARN_64_TO_32_BIT_CONVERSION = YES;
				GCC_WARN_ABOUT_RETURN_TYPE = YES_ERROR;
				GCC_WARN_UNDECLARED_SELECTOR = YES;
				GCC_WARN_UNINITIALIZED_AUTOS = YES_AGGRESSIVE;
				GCC_WARN_UNUSED_FUNCTION = YES;
				GCC_WARN_UNUSED_VARIABLE = YES;
				IPHONEOS_DEPLOYMENT_TARGET = 13.2;
				MTL_ENABLE_DEBUG_INFO = NO;
				MTL_FAST_MATH = YES;
				SDKROOT = iphoneos;
				SWIFT_COMPILATION_MODE = wholemodule;
				SWIFT_OPTIMIZATION_LEVEL = "-O";
				VALIDATE_PRODUCT = YES;
			};
			name = Release;
		};
		4011745F23D60DAD00A76EE5 /* Debug */ = {
			isa = XCBuildConfiguration;
			baseConfigurationReference = 13A64C2881E305FCC2A59E21 /* Pods-WeatherSwiftUI.debug.xcconfig */;
			buildSettings = {
				ASSETCATALOG_COMPILER_APPICON_NAME = AppIcon;
				CODE_SIGN_STYLE = Automatic;
				DEVELOPMENT_ASSET_PATHS = "\"WeatherSwiftUI/Preview Content\"";
				DEVELOPMENT_TEAM = 7DLPFLHJKX;
				ENABLE_PREVIEWS = YES;
				INFOPLIST_FILE = WeatherSwiftUI/Info.plist;
				LD_RUNPATH_SEARCH_PATHS = (
					"$(inherited)",
					"@executable_path/Frameworks",
				);
				PRODUCT_BUNDLE_IDENTIFIER = br.com.WeatherSwiftUI;
				PRODUCT_NAME = "$(TARGET_NAME)";
				SWIFT_VERSION = 5.0;
				TARGETED_DEVICE_FAMILY = "1,2";
			};
			name = Debug;
		};
		4011746023D60DAD00A76EE5 /* Release */ = {
			isa = XCBuildConfiguration;
			baseConfigurationReference = 18D252E0DC7CD991E9B8A9EF /* Pods-WeatherSwiftUI.release.xcconfig */;
			buildSettings = {
				ASSETCATALOG_COMPILER_APPICON_NAME = AppIcon;
				CODE_SIGN_STYLE = Automatic;
				DEVELOPMENT_ASSET_PATHS = "\"WeatherSwiftUI/Preview Content\"";
				DEVELOPMENT_TEAM = 7DLPFLHJKX;
				ENABLE_PREVIEWS = YES;
				INFOPLIST_FILE = WeatherSwiftUI/Info.plist;
				LD_RUNPATH_SEARCH_PATHS = (
					"$(inherited)",
					"@executable_path/Frameworks",
				);
				PRODUCT_BUNDLE_IDENTIFIER = br.com.WeatherSwiftUI;
				PRODUCT_NAME = "$(TARGET_NAME)";
				SWIFT_VERSION = 5.0;
				TARGETED_DEVICE_FAMILY = "1,2";
			};
			name = Release;
		};
		407599CC2434261900106F14 /* Debug */ = {
			isa = XCBuildConfiguration;
			buildSettings = {
				BUNDLE_LOADER = "$(TEST_HOST)";
				CODE_SIGN_STYLE = Automatic;
				DEVELOPMENT_TEAM = 7DLPFLHJKX;
				INFOPLIST_FILE = WeatherSwiftUITests/Info.plist;
				LD_RUNPATH_SEARCH_PATHS = (
					"$(inherited)",
					"@executable_path/Frameworks",
					"@loader_path/Frameworks",
				);
				PRODUCT_BUNDLE_IDENTIFIER = br.com.WeatherSwiftUITests;
				PRODUCT_NAME = "$(TARGET_NAME)";
				SWIFT_VERSION = 5.0;
				TARGETED_DEVICE_FAMILY = "1,2";
				TEST_HOST = "$(BUILT_PRODUCTS_DIR)/WeatherSwiftUI.app/WeatherSwiftUI";
			};
			name = Debug;
		};
		407599CD2434261900106F14 /* Release */ = {
			isa = XCBuildConfiguration;
			buildSettings = {
				BUNDLE_LOADER = "$(TEST_HOST)";
				CODE_SIGN_STYLE = Automatic;
				DEVELOPMENT_TEAM = 7DLPFLHJKX;
				INFOPLIST_FILE = WeatherSwiftUITests/Info.plist;
				LD_RUNPATH_SEARCH_PATHS = (
					"$(inherited)",
					"@executable_path/Frameworks",
					"@loader_path/Frameworks",
				);
				PRODUCT_BUNDLE_IDENTIFIER = br.com.WeatherSwiftUITests;
				PRODUCT_NAME = "$(TARGET_NAME)";
				SWIFT_VERSION = 5.0;
				TARGETED_DEVICE_FAMILY = "1,2";
				TEST_HOST = "$(BUILT_PRODUCTS_DIR)/WeatherSwiftUI.app/WeatherSwiftUI";
			};
			name = Release;
		};
/* End XCBuildConfiguration section */

/* Begin XCConfigurationList section */
		4011744523D60DAA00A76EE5 /* Build configuration list for PBXProject "WeatherSwiftUI" */ = {
			isa = XCConfigurationList;
			buildConfigurations = (
				4011745C23D60DAD00A76EE5 /* Debug */,
				4011745D23D60DAD00A76EE5 /* Release */,
			);
			defaultConfigurationIsVisible = 0;
			defaultConfigurationName = Release;
		};
		4011745E23D60DAD00A76EE5 /* Build configuration list for PBXNativeTarget "WeatherSwiftUI" */ = {
			isa = XCConfigurationList;
			buildConfigurations = (
				4011745F23D60DAD00A76EE5 /* Debug */,
				4011746023D60DAD00A76EE5 /* Release */,
			);
			defaultConfigurationIsVisible = 0;
			defaultConfigurationName = Release;
		};
		407599CE2434261900106F14 /* Build configuration list for PBXNativeTarget "WeatherSwiftUITests" */ = {
			isa = XCConfigurationList;
			buildConfigurations = (
				407599CC2434261900106F14 /* Debug */,
				407599CD2434261900106F14 /* Release */,
			);
			defaultConfigurationIsVisible = 0;
			defaultConfigurationName = Release;
		};
/* End XCConfigurationList section */
	};
	rootObject = 4011744223D60DAA00A76EE5 /* Project object */;
}
